
Microsoft Visual Studio Solution File, Format Version 12.00
# Visual Studio Version 16
VisualStudioVersion = 16.0.31402.337
MinimumVisualStudioVersion = 10.0.40219.1
Project("{9A19103F-16F7-4668-BE54-9A1E7A4F7556}") = "EnumeracoesComposicao", "EnumeracoesComposicao\EnumeracoesComposicao.csproj", "{1EEF1932-92C2-4332-AFE9-3EA3E40EC525}"
EndProject
Project("{FAE04EC0-301F-11D3-BF4B-00C04F79EFBC}") = "Exemplo1", "Exercicio1\Exemplo1.csproj", "{2B854E79-5BE4-484D-B061-1A0D3E2306D2}"
EndProject
Global
	GlobalSection(SolutionConfigurationPlatforms) = preSolution
		Debug|Any CPU = Debug|Any CPU
		Release|Any CPU = Release|Any CPU
	EndGlobalSection
	GlobalSection(ProjectConfigurationPlatforms) = postSolution
		{1EEF1932-92C2-4332-AFE9-3EA3E40EC525}.Debug|Any CPU.ActiveCfg = Debug|Any CPU
		{1EEF1932-92C2-4332-AFE9-3EA3E40EC525}.Debug|Any CPU.Build.0 = Debug|Any CPU
		{1EEF1932-92C2-4332-AFE9-3EA3E40EC525}.Release|Any CPU.ActiveCfg = Release|Any CPU
		{1EEF1932-92C2-4332-AFE9-3EA3E40EC525}.Release|Any CPU.Build.0 = Release|Any CPU
		{2B854E79-5BE4-484D-B061-1A0D3E2306D2}.Debug|Any CPU.ActiveCfg = Debug|Any CPU
		{2B854E79-5BE4-484D-B061-1A0D3E2306D2}.Debug|Any CPU.Build.0 = Debug|Any CPU
		{2B854E79-5BE4-484D-B061-1A0D3E2306D2}.Release|Any CPU.ActiveCfg = Release|Any CPU
		{2B854E79-5BE4-484D-B061-1A0D3E2306D2}.Release|Any CPU.Build.0 = Release|Any CPU
	EndGlobalSection
	GlobalSection(SolutionProperties) = preSolution
		HideSolutionNode = FALSE
	EndGlobalSection
	GlobalSection(ExtensibilityGlobals) = postSolution
		SolutionGuid = {4779FF5A-31C7-4DB5-AD5E-6B644E45C088}
	EndGlobalSection
EndGlobal
